
Microsoft Visual Studio Solution File, Format Version 12.00
# Visual Studio Version 17
VisualStudioVersion = 17.2.32526.322
MinimumVisualStudioVersion = 10.0.40219.1
Project("{FAE04EC0-301F-11D3-BF4B-00C04F79EFBC}") = "Appel-methode-biblio-dotNet", "Appel-methode-biblio-dotNet\Appel-methode-biblio-dotNet.csproj", "{186F6FB1-5A97-4C49-B2EB-598BA9385DD3}"
EndProject
Project("{FAE04EC0-301F-11D3-BF4B-00C04F79EFBC}") = "Logique-booleene", "Logique-booleene\Logique-booleene.csproj", "{94F7BBC9-1AC7-4F74-951A-96050275E322}"
EndProject
Global
	GlobalSection(SolutionConfigurationPlatforms) = preSolution
		Debug|Any CPU = Debug|Any CPU
		Release|Any CPU = Release|Any CPU
	EndGlobalSection
	GlobalSection(ProjectConfigurationPlatforms) = postSolution
		{186F6FB1-5A97-4C49-B2EB-598BA9385DD3}.Debug|Any CPU.ActiveCfg = Debug|Any CPU
		{186F6FB1-5A97-4C49-B2EB-598BA9385DD3}.Debug|Any CPU.Build.0 = Debug|Any CPU
		{186F6FB1-5A97-4C49-B2EB-598BA9385DD3}.Release|Any CPU.ActiveCfg = Release|Any CPU
		{186F6FB1-5A97-4C49-B2EB-598BA9385DD3}.Release|Any CPU.Build.0 = Release|Any CPU
		{94F7BBC9-1AC7-4F74-951A-96050275E322}.Debug|Any CPU.ActiveCfg = Debug|Any CPU
		{94F7BBC9-1AC7-4F74-951A-96050275E322}.Debug|Any CPU.Build.0 = Debug|Any CPU
		{94F7BBC9-1AC7-4F74-951A-96050275E322}.Release|Any CPU.ActiveCfg = Release|Any CPU
		{94F7BBC9-1AC7-4F74-951A-96050275E322}.Release|Any CPU.Build.0 = Release|Any CPU
	EndGlobalSection
	GlobalSection(SolutionProperties) = preSolution
		HideSolutionNode = FALSE
	EndGlobalSection
	GlobalSection(ExtensibilityGlobals) = postSolution
		SolutionGuid = {F67EF2D5-77AD-4DA1-8276-6136E2771C6A}
	EndGlobalSection
EndGlobal
